
Microsoft Visual Studio Solution File, Format Version 12.00
# Visual Studio Version 17
VisualStudioVersion = 17.5.002.0
MinimumVisualStudioVersion = 10.0.40219.1
Project("{9A19103F-16F7-4668-BE54-9A1E7A4F7556}") = "DotNetDebugging", "DotNetDebugging.csproj", "{28D23A74-DA8C-4FF1-A233-7DC0394C9108}"
EndProject
Global
	GlobalSection(SolutionConfigurationPlatforms) = preSolution
		Debug|Any CPU = Debug|Any CPU
		Release|Any CPU = Release|Any CPU
	EndGlobalSection
	GlobalSection(ProjectConfigurationPlatforms) = postSolution
		{28D23A74-DA8C-4FF1-A233-7DC0394C9108}.Debug|Any CPU.ActiveCfg = Debug|Any CPU
		{28D23A74-DA8C-4FF1-A233-7DC0394C9108}.Debug|Any CPU.Build.0 = Debug|Any CPU
		{28D23A74-DA8C-4FF1-A233-7DC0394C9108}.Release|Any CPU.ActiveCfg = Release|Any CPU
		{28D23A74-DA8C-4FF1-A233-7DC0394C9108}.Release|Any CPU.Build.0 = Release|Any CPU
	EndGlobalSection
	GlobalSection(SolutionProperties) = preSolution
		HideSolutionNode = FALSE
	EndGlobalSection
	GlobalSection(ExtensibilityGlobals) = postSolution
		SolutionGuid = {4E6DCF7F-4B6D-4632-8185-42ADC6F13E11}
	EndGlobalSection
EndGlobal
